
Microsoft Visual Studio Solution File, Format Version 12.00
# Visual Studio Version 17
VisualStudioVersion = 17.7.34024.191
MinimumVisualStudioVersion = 10.0.40219.1
Project("{2150E333-8FDC-42A3-9474-1A3956D46DE8}") = "src", "src", "{EBD54400-AB1E-45F3-B8E0-347D956DD8EF}"
EndProject
Project("{2150E333-8FDC-42A3-9474-1A3956D46DE8}") = "Core", "Core", "{6CDF7AB8-EC4B-4200-936E-A7A624AEF39C}"
EndProject
Project("{2150E333-8FDC-42A3-9474-1A3956D46DE8}") = "Infrastructure", "Infrastructure", "{4D641D88-C37E-48AC-BB60-5E6BB70CB021}"
EndProject
Project("{2150E333-8FDC-42A3-9474-1A3956D46DE8}") = "Presentation", "Presentation", "{BFE30B38-C8F6-4F1A-AB00-D26BE17C2ABE}"
EndProject
Project("{9A19103F-16F7-4668-BE54-9A1E7A4F7556}") = "CAWA.Domain", "src\Core\CAWA.Domain\CAWA.Domain.csproj", "{E316A88F-FD84-43B4-B6EB-94E242145D72}"
EndProject
Project("{9A19103F-16F7-4668-BE54-9A1E7A4F7556}") = "CAWA.Application", "src\Core\CAWA.Application\CAWA.Application.csproj", "{B5692380-D5BF-4D93-9DFB-D85488A08B87}"
EndProject
Project("{9A19103F-16F7-4668-BE54-9A1E7A4F7556}") = "CAWA.Infrastructure", "src\Infrastructure\CAWA.Infrastructure\CAWA.Infrastructure.csproj", "{2700E131-FB05-4B22-9344-1AB080FB8C65}"
EndProject
Project("{9A19103F-16F7-4668-BE54-9A1E7A4F7556}") = "CAWA.Persistence", "src\Infrastructure\CAWA.Persistence\CAWA.Persistence.csproj", "{E6905695-5F43-4F3C-811B-5B70C2A4A0E3}"
EndProject
Project("{9A19103F-16F7-4668-BE54-9A1E7A4F7556}") = "CAWA.MVCUI", "src\Presentation\CAWA.MVCUI\CAWA.MVCUI.csproj", "{DE8F93C5-4F97-4A7D-8D99-67A503E00C85}"
EndProject
Global
	GlobalSection(SolutionConfigurationPlatforms) = preSolution
		Debug|Any CPU = Debug|Any CPU
		Release|Any CPU = Release|Any CPU
	EndGlobalSection
	GlobalSection(ProjectConfigurationPlatforms) = postSolution
		{E316A88F-FD84-43B4-B6EB-94E242145D72}.Debug|Any CPU.ActiveCfg = Debug|Any CPU
		{E316A88F-FD84-43B4-B6EB-94E242145D72}.Debug|Any CPU.Build.0 = Debug|Any CPU
		{E316A88F-FD84-43B4-B6EB-94E242145D72}.Release|Any CPU.ActiveCfg = Release|Any CPU
		{E316A88F-FD84-43B4-B6EB-94E242145D72}.Release|Any CPU.Build.0 = Release|Any CPU
		{B5692380-D5BF-4D93-9DFB-D85488A08B87}.Debug|Any CPU.ActiveCfg = Debug|Any CPU
		{B5692380-D5BF-4D93-9DFB-D85488A08B87}.Debug|Any CPU.Build.0 = Debug|Any CPU
		{B5692380-D5BF-4D93-9DFB-D85488A08B87}.Release|Any CPU.ActiveCfg = Release|Any CPU
		{B5692380-D5BF-4D93-9DFB-D85488A08B87}.Release|Any CPU.Build.0 = Release|Any CPU
		{2700E131-FB05-4B22-9344-1AB080FB8C65}.Debug|Any CPU.ActiveCfg = Debug|Any CPU
		{2700E131-FB05-4B22-9344-1AB080FB8C65}.Debug|Any CPU.Build.0 = Debug|Any CPU
		{2700E131-FB05-4B22-9344-1AB080FB8C65}.Release|Any CPU.ActiveCfg = Release|Any CPU
		{2700E131-FB05-4B22-9344-1AB080FB8C65}.Release|Any CPU.Build.0 = Release|Any CPU
		{E6905695-5F43-4F3C-811B-5B70C2A4A0E3}.Debug|Any CPU.ActiveCfg = Debug|Any CPU
		{E6905695-5F43-4F3C-811B-5B70C2A4A0E3}.Debug|Any CPU.Build.0 = Debug|Any CPU
		{E6905695-5F43-4F3C-811B-5B70C2A4A0E3}.Release|Any CPU.ActiveCfg = Release|Any CPU
		{E6905695-5F43-4F3C-811B-5B70C2A4A0E3}.Release|Any CPU.Build.0 = Release|Any CPU
		{DE8F93C5-4F97-4A7D-8D99-67A503E00C85}.Debug|Any CPU.ActiveCfg = Debug|Any CPU
		{DE8F93C5-4F97-4A7D-8D99-67A503E00C85}.Debug|Any CPU.Build.0 = Debug|Any CPU
		{DE8F93C5-4F97-4A7D-8D99-67A503E00C85}.Release|Any CPU.ActiveCfg = Release|Any CPU
		{DE8F93C5-4F97-4A7D-8D99-67A503E00C85}.Release|Any CPU.Build.0 = Release|Any CPU
	EndGlobalSection
	GlobalSection(SolutionProperties) = preSolution
		HideSolutionNode = FALSE
	EndGlobalSection
	GlobalSection(NestedProjects) = preSolution
		{6CDF7AB8-EC4B-4200-936E-A7A624AEF39C} = {EBD54400-AB1E-45F3-B8E0-347D956DD8EF}
		{4D641D88-C37E-48AC-BB60-5E6BB70CB021} = {EBD54400-AB1E-45F3-B8E0-347D956DD8EF}
		{BFE30B38-C8F6-4F1A-AB00-D26BE17C2ABE} = {EBD54400-AB1E-45F3-B8E0-347D956DD8EF}
		{E316A88F-FD84-43B4-B6EB-94E242145D72} = {6CDF7AB8-EC4B-4200-936E-A7A624AEF39C}
		{B5692380-D5BF-4D93-9DFB-D85488A08B87} = {6CDF7AB8-EC4B-4200-936E-A7A624AEF39C}
		{2700E131-FB05-4B22-9344-1AB080FB8C65} = {4D641D88-C37E-48AC-BB60-5E6BB70CB021}
		{E6905695-5F43-4F3C-811B-5B70C2A4A0E3} = {4D641D88-C37E-48AC-BB60-5E6BB70CB021}
		{DE8F93C5-4F97-4A7D-8D99-67A503E00C85} = {BFE30B38-C8F6-4F1A-AB00-D26BE17C2ABE}
	EndGlobalSection
	GlobalSection(ExtensibilityGlobals) = postSolution
		SolutionGuid = {6CE447DB-52FF-4183-AA2B-990A50D4E5BA}
	EndGlobalSection
EndGlobal
